
Microsoft Visual Studio Solution File, Format Version 12.00
# Visual Studio Version 17
VisualStudioVersion = 17.11.35219.272
MinimumVisualStudioVersion = 10.0.40219.1
Project("{9A19103F-16F7-4668-BE54-9A1E7A4F7556}") = "Installer", "csharplearning\Installer.csproj", "{D02B3D00-4D07-4733-BFA1-D1D3EBEB4212}"
EndProject
Project("{9A19103F-16F7-4668-BE54-9A1E7A4F7556}") = "Uninstaller", "Uninstaller\Uninstaller.csproj", "{9D1A1D6E-4A60-48DD-BDC5-BE5569292F28}"
EndProject
Project("{9A19103F-16F7-4668-BE54-9A1E7A4F7556}") = "net.am7999.Package", "net.am7999.Package\net.am7999.Package.csproj", "{0BEA891D-31D5-4DB9-82C6-FEA78CE442FD}"
EndProject
Global
	GlobalSection(SolutionConfigurationPlatforms) = preSolution
		Debug|Any CPU = Debug|Any CPU
		Debug|x64 = Debug|x64
		Release|Any CPU = Release|Any CPU
		Release|x64 = Release|x64
	EndGlobalSection
	GlobalSection(ProjectConfigurationPlatforms) = postSolution
		{D02B3D00-4D07-4733-BFA1-D1D3EBEB4212}.Debug|Any CPU.ActiveCfg = Debug|Any CPU
		{D02B3D00-4D07-4733-BFA1-D1D3EBEB4212}.Debug|Any CPU.Build.0 = Debug|Any CPU
		{D02B3D00-4D07-4733-BFA1-D1D3EBEB4212}.Debug|x64.ActiveCfg = Debug|x64
		{D02B3D00-4D07-4733-BFA1-D1D3EBEB4212}.Debug|x64.Build.0 = Debug|x64
		{D02B3D00-4D07-4733-BFA1-D1D3EBEB4212}.Release|Any CPU.ActiveCfg = Release|Any CPU
		{D02B3D00-4D07-4733-BFA1-D1D3EBEB4212}.Release|Any CPU.Build.0 = Release|Any CPU
		{D02B3D00-4D07-4733-BFA1-D1D3EBEB4212}.Release|x64.ActiveCfg = Release|x64
		{D02B3D00-4D07-4733-BFA1-D1D3EBEB4212}.Release|x64.Build.0 = Release|x64
		{9D1A1D6E-4A60-48DD-BDC5-BE5569292F28}.Debug|Any CPU.ActiveCfg = Debug|Any CPU
		{9D1A1D6E-4A60-48DD-BDC5-BE5569292F28}.Debug|Any CPU.Build.0 = Debug|Any CPU
		{9D1A1D6E-4A60-48DD-BDC5-BE5569292F28}.Debug|x64.ActiveCfg = Debug|Any CPU
		{9D1A1D6E-4A60-48DD-BDC5-BE5569292F28}.Debug|x64.Build.0 = Debug|Any CPU
		{9D1A1D6E-4A60-48DD-BDC5-BE5569292F28}.Release|Any CPU.ActiveCfg = Release|Any CPU
		{9D1A1D6E-4A60-48DD-BDC5-BE5569292F28}.Release|Any CPU.Build.0 = Release|Any CPU
		{9D1A1D6E-4A60-48DD-BDC5-BE5569292F28}.Release|x64.ActiveCfg = Release|Any CPU
		{9D1A1D6E-4A60-48DD-BDC5-BE5569292F28}.Release|x64.Build.0 = Release|Any CPU
		{0BEA891D-31D5-4DB9-82C6-FEA78CE442FD}.Debug|Any CPU.ActiveCfg = Debug|Any CPU
		{0BEA891D-31D5-4DB9-82C6-FEA78CE442FD}.Debug|Any CPU.Build.0 = Debug|Any CPU
		{0BEA891D-31D5-4DB9-82C6-FEA78CE442FD}.Debug|x64.ActiveCfg = Debug|Any CPU
		{0BEA891D-31D5-4DB9-82C6-FEA78CE442FD}.Debug|x64.Build.0 = Debug|Any CPU
		{0BEA891D-31D5-4DB9-82C6-FEA78CE442FD}.Release|Any CPU.ActiveCfg = Release|Any CPU
		{0BEA891D-31D5-4DB9-82C6-FEA78CE442FD}.Release|Any CPU.Build.0 = Release|Any CPU
		{0BEA891D-31D5-4DB9-82C6-FEA78CE442FD}.Release|x64.ActiveCfg = Release|Any CPU
		{0BEA891D-31D5-4DB9-82C6-FEA78CE442FD}.Release|x64.Build.0 = Release|Any CPU
	EndGlobalSection
	GlobalSection(SolutionProperties) = preSolution
		HideSolutionNode = FALSE
	EndGlobalSection
	GlobalSection(ExtensibilityGlobals) = postSolution
		SolutionGuid = {F31CC1BA-5490-44D0-B8D1-81FB9634689C}
	EndGlobalSection
EndGlobal
